
Microsoft Visual Studio Solution File, Format Version 12.00
# Visual Studio Version 16
VisualStudioVersion = 16.0.32929.386
MinimumVisualStudioVersion = 10.0.40219.1
Project("{FAE04EC0-301F-11D3-BF4B-00C04F79EFBC}") = "Maintenance Fee", "Maintenance Fee.csproj", "{2E9A07FF-3781-45BA-8093-13903FD87747}"
EndProject
Global
	GlobalSection(SolutionConfigurationPlatforms) = preSolution
		Debug|Any CPU = Debug|Any CPU
		Release|Any CPU = Release|Any CPU
	EndGlobalSection
	GlobalSection(ProjectConfigurationPlatforms) = postSolution
		{2E9A07FF-3781-45BA-8093-13903FD87747}.Debug|Any CPU.ActiveCfg = Debug|Any CPU
		{2E9A07FF-3781-45BA-8093-13903FD87747}.Debug|Any CPU.Build.0 = Debug|Any CPU
		{2E9A07FF-3781-45BA-8093-13903FD87747}.Release|Any CPU.ActiveCfg = Release|Any CPU
		{2E9A07FF-3781-45BA-8093-13903FD87747}.Release|Any CPU.Build.0 = Release|Any CPU
	EndGlobalSection
	GlobalSection(SolutionProperties) = preSolution
		HideSolutionNode = FALSE
	EndGlobalSection
	GlobalSection(ExtensibilityGlobals) = postSolution
		SolutionGuid = {1A00FF0A-F6B5-4CDB-9319-476B9AFF093E}
	EndGlobalSection
EndGlobal
